
Microsoft Visual Studio Solution File, Format Version 12.00
# Visual Studio Version 16
VisualStudioVersion = 16.0.29709.97
MinimumVisualStudioVersion = 10.0.40219.1
Project("{9A19103F-16F7-4668-BE54-9A1E7A4F7556}") = "IdentityServer.API", "IdentityServer.API\IdentityServer.API.csproj", "{3E7A46F5-D492-42C9-8FF0-330CF355993D}"
EndProject
Project("{FAE04EC0-301F-11D3-BF4B-00C04F79EFBC}") = "IdentityServerClient1", "IdentityServerClient1\IdentityServerClient1.csproj", "{27D5ECBF-41EA-4E2A-92E8-901B5FB0F9D7}"
EndProject
Global
	GlobalSection(SolutionConfigurationPlatforms) = preSolution
		Debug|Any CPU = Debug|Any CPU
		Release|Any CPU = Release|Any CPU
	EndGlobalSection
	GlobalSection(ProjectConfigurationPlatforms) = postSolution
		{3E7A46F5-D492-42C9-8FF0-330CF355993D}.Debug|Any CPU.ActiveCfg = Debug|Any CPU
		{3E7A46F5-D492-42C9-8FF0-330CF355993D}.Debug|Any CPU.Build.0 = Debug|Any CPU
		{3E7A46F5-D492-42C9-8FF0-330CF355993D}.Release|Any CPU.ActiveCfg = Release|Any CPU
		{3E7A46F5-D492-42C9-8FF0-330CF355993D}.Release|Any CPU.Build.0 = Release|Any CPU
		{27D5ECBF-41EA-4E2A-92E8-901B5FB0F9D7}.Debug|Any CPU.ActiveCfg = Debug|Any CPU
		{27D5ECBF-41EA-4E2A-92E8-901B5FB0F9D7}.Debug|Any CPU.Build.0 = Debug|Any CPU
		{27D5ECBF-41EA-4E2A-92E8-901B5FB0F9D7}.Release|Any CPU.ActiveCfg = Release|Any CPU
		{27D5ECBF-41EA-4E2A-92E8-901B5FB0F9D7}.Release|Any CPU.Build.0 = Release|Any CPU
	EndGlobalSection
	GlobalSection(SolutionProperties) = preSolution
		HideSolutionNode = FALSE
	EndGlobalSection
	GlobalSection(ExtensibilityGlobals) = postSolution
		SolutionGuid = {D8C34167-2291-4F7B-92AC-36F3F507A23C}
	EndGlobalSection
EndGlobal
